
Microsoft Visual Studio Solution File, Format Version 12.00
# Visual Studio 14
VisualStudioVersion = 14.0.25420.1
MinimumVisualStudioVersion = 10.0.40219.1
Project("{FAE04EC0-301F-11D3-BF4B-00C04F79EFBC}") = "Question_1", "Question_1\Question_1.csproj", "{0EB476FE-E8F6-43EE-B0C1-18CE2D5A4EFF}"
EndProject
Project("{FAE04EC0-301F-11D3-BF4B-00C04F79EFBC}") = "Question_2", "Question_2\Question_2.csproj", "{D1325141-9B8A-4808-A589-8AFB14D70E00}"
EndProject
Project("{FAE04EC0-301F-11D3-BF4B-00C04F79EFBC}") = "Question_2-DisplayResult", "Question_2-DisplayResult\Question_2-DisplayResult.csproj", "{70A87B5E-43DA-4C1A-B1EC-A6EFC95AB01D}"
EndProject
Global
	GlobalSection(SolutionConfigurationPlatforms) = preSolution
		Debug|Any CPU = Debug|Any CPU
		Release|Any CPU = Release|Any CPU
	EndGlobalSection
	GlobalSection(ProjectConfigurationPlatforms) = postSolution
		{0EB476FE-E8F6-43EE-B0C1-18CE2D5A4EFF}.Debug|Any CPU.ActiveCfg = Debug|Any CPU
		{0EB476FE-E8F6-43EE-B0C1-18CE2D5A4EFF}.Debug|Any CPU.Build.0 = Debug|Any CPU
		{0EB476FE-E8F6-43EE-B0C1-18CE2D5A4EFF}.Release|Any CPU.ActiveCfg = Release|Any CPU
		{0EB476FE-E8F6-43EE-B0C1-18CE2D5A4EFF}.Release|Any CPU.Build.0 = Release|Any CPU
		{D1325141-9B8A-4808-A589-8AFB14D70E00}.Debug|Any CPU.ActiveCfg = Debug|Any CPU
		{D1325141-9B8A-4808-A589-8AFB14D70E00}.Debug|Any CPU.Build.0 = Debug|Any CPU
		{D1325141-9B8A-4808-A589-8AFB14D70E00}.Release|Any CPU.ActiveCfg = Release|Any CPU
		{D1325141-9B8A-4808-A589-8AFB14D70E00}.Release|Any CPU.Build.0 = Release|Any CPU
		{70A87B5E-43DA-4C1A-B1EC-A6EFC95AB01D}.Debug|Any CPU.ActiveCfg = Debug|Any CPU
		{70A87B5E-43DA-4C1A-B1EC-A6EFC95AB01D}.Debug|Any CPU.Build.0 = Debug|Any CPU
		{70A87B5E-43DA-4C1A-B1EC-A6EFC95AB01D}.Release|Any CPU.ActiveCfg = Release|Any CPU
		{70A87B5E-43DA-4C1A-B1EC-A6EFC95AB01D}.Release|Any CPU.Build.0 = Release|Any CPU
	EndGlobalSection
	GlobalSection(SolutionProperties) = preSolution
		HideSolutionNode = FALSE
	EndGlobalSection
EndGlobal
